// !$*UTF8*$!
{
	archiveVersion = 1;
	classes = {
	};
	objectVersion = 46;
	objects = {

/* Begin PBXBuildFile section */
		FFF9AA741CDCD055008C1B69 /* main.m in Sources */ = {isa = PBXBuildFile; fileRef = FFF9AA731CDCD055008C1B69 /* main.m */; };
		FFF9AA771CDCD055008C1B69 /* AppDelegate.m in Sources */ = {isa = PBXBuildFile; fileRef = FFF9AA761CDCD055008C1B69 /* AppDelegate.m */; };
		FFF9AA7A1CDCD056008C1B69 /* FirstViewController.m in Sources */ = {isa = PBXBuildFile; fileRef = FFF9AA791CDCD056008C1B69 /* FirstViewController.m */; };
		FFF9AA7D1CDCD056008C1B69 /* SecondViewController.m in Sources */ = {isa = PBXBuildFile; fileRef = FFF9AA7C1CDCD056008C1B69 /* SecondViewController.m */; };
		FFF9AA801CDCD056008C1B69 /* Main.storyboard in Resources */ = {isa = PBXBuildFile; fileRef = FFF9AA7E1CDCD056008C1B69 /* Main.storyboard */; };
		FFF9AA821CDCD056008C1B69 /* Assets.xcassets in Resources */ = {isa = PBXBuildFile; fileRef = FFF9AA811CDCD056008C1B69 /* Assets.xcassets */; };
		FFF9AA851CDCD056008C1B69 /* LaunchScreen.storyboard in Resources */ = {isa = PBXBuildFile; fileRef = FFF9AA831CDCD056008C1B69 /* LaunchScreen.storyboard */; };
		FFF9AA901CDCD057008C1B69 /* tabbedTests.m in Sources */ = {isa = PBXBuildFile; fileRef = FFF9AA8F1CDCD057008C1B69 /* tabbedTests.m */; };
		FFF9AA9C1CDCD0A6008C1B69 /* HomeViewController.m in Sources */ = {isa = PBXBuildFile; fileRef = FFF9AA9B1CDCD0A6008C1B69 /* HomeViewController.m */; };
		FFF9AA9F1CDCD0C0008C1B69 /* TabBarBottomController.m in Sources */ = {isa = PBXBuildFile; fileRef = FFF9AA9E1CDCD0C0008C1B69 /* TabBarBottomController.m */; };
/* End PBXBuildFile section */

/* Begin PBXContainerItemProxy section */
		FFF9AA8C1CDCD057008C1B69 /* PBXContainerItemProxy */ = {
			isa = PBXContainerItemProxy;
			containerPortal = FFF9AA671CDCD055008C1B69 /* Project object */;
			proxyType = 1;
			remoteGlobalIDString = FFF9AA6E1CDCD055008C1B69;
			remoteInfo = tabbed;
		};
/* End PBXContainerItemProxy section */

/* Begin PBXFileReference section */
		FFF9AA6F1CDCD055008C1B69 /* tabbed.app */ = {isa = PBXFileReference; explicitFileType = wrapper.application; includeInIndex = 0; path = tabbed.app; sourceTree = BUILT_PRODUCTS_DIR; };
		FFF9AA731CDCD055008C1B69 /* main.m */ = {isa = PBXFileReference; lastKnownFileType = sourcecode.c.objc; path = main.m; sourceTree = "<group>"; };
		FFF9AA751CDCD055008C1B69 /* AppDelegate.h */ = {isa = PBXFileReference; lastKnownFileType = sourcecode.c.h; path = AppDelegate.h; sourceTree = "<group>"; };
		FFF9AA761CDCD055008C1B69 /* AppDelegate.m */ = {isa = PBXFileReference; lastKnownFileType = sourcecode.c.objc; path = AppDelegate.m; sourceTree = "<group>"; };
		FFF9AA781CDCD056008C1B69 /* FirstViewController.h */ = {isa = PBXFileReference; lastKnownFileType = sourcecode.c.h; path = FirstViewController.h; sourceTree = "<group>"; };
		FFF9AA791CDCD056008C1B69 /* FirstViewController.m */ = {isa = PBXFileReference; lastKnownFileType = sourcecode.c.objc; path = FirstViewController.m; sourceTree = "<group>"; };
		FFF9AA7B1CDCD056008C1B69 /* SecondViewController.h */ = {isa = PBXFileReference; lastKnownFileType = sourcecode.c.h; path = SecondViewController.h; sourceTree = "<group>"; };
		FFF9AA7C1CDCD056008C1B69 /* SecondViewController.m */ = {isa = PBXFileReference; lastKnownFileType = sourcecode.c.objc; path = SecondViewController.m; sourceTree = "<group>"; };
		FFF9AA7F1CDCD056008C1B69 /* Base */ = {isa = PBXFileReference; lastKnownFileType = file.storyboard; name = Base; path = Base.lproj/Main.storyboard; sourceTree = "<group>"; };
		FFF9AA811CDCD056008C1B69 /* Assets.xcassets */ = {isa = PBXFileReference; lastKnownFileType = folder.assetcatalog; path = Assets.xcassets; sourceTree = "<group>"; };
		FFF9AA841CDCD056008C1B69 /* Base */ = {isa = PBXFileReference; lastKnownFileType = file.storyboard; name = Base; path = Base.lproj/LaunchScreen.storyboard; sourceTree = "<group>"; };
		FFF9AA861CDCD057008C1B69 /* Info.plist */ = {isa = PBXFileReference; lastKnownFileType = text.plist.xml; path = Info.plist; sourceTree = "<group>"; };
		FFF9AA8B1CDCD057008C1B69 /* tabbedTests.xctest */ = {isa = PBXFileReference; explicitFileType = wrapper.cfbundle; includeInIndex = 0; path = tabbedTests.xctest; sourceTree = BUILT_PRODUCTS_DIR; };
		FFF9AA8F1CDCD057008C1B69 /* tabbedTests.m */ = {isa = PBXFileReference; lastKnownFileType = sourcecode.c.objc; path = tabbedTests.m; sourceTree = "<group>"; };
		FFF9AA911CDCD057008C1B69 /* Info.plist */ = {isa = PBXFileReference; lastKnownFileType = text.plist.xml; path = Info.plist; sourceTree = "<group>"; };
		FFF9AA9A1CDCD0A6008C1B69 /* HomeViewController.h */ = {isa = PBXFileReference; fileEncoding = 4; lastKnownFileType = sourcecode.c.h; path = HomeViewController.h; sourceTree = "<group>"; };
		FFF9AA9B1CDCD0A6008C1B69 /* HomeViewController.m */ = {isa = PBXFileReference; fileEncoding = 4; lastKnownFileType = sourcecode.c.objc; path = HomeViewController.m; sourceTree = "<group>"; };
		FFF9AA9D1CDCD0C0008C1B69 /* TabBarBottomController.h */ = {isa = PBXFileReference; fileEncoding = 4; lastKnownFileType = sourcecode.c.h; path = TabBarBottomController.h; sourceTree = "<group>"; };
		FFF9AA9E1CDCD0C0008C1B69 /* TabBarBottomController.m */ = {isa = PBXFileReference; fileEncoding = 4; lastKnownFileType = sourcecode.c.objc; path = TabBarBottomController.m; sourceTree = "<group>"; };
/* End PBXFileReference section */

/* Begin PBXFrameworksBuildPhase section */
		FFF9AA6C1CDCD055008C1B69 /* Frameworks */ = {
			isa = PBXFrameworksBuildPhase;
			buildActionMask = 2147483647;
			files = (
			);
			runOnlyForDeploymentPostprocessing = 0;
		};
		FFF9AA881CDCD057008C1B69 /* Frameworks */ = {
			isa = PBXFrameworksBuildPhase;
			buildActionMask = 2147483647;
			files = (
			);
			runOnlyForDeploymentPostprocessing = 0;
		};
/* End PBXFrameworksBuildPhase section */

/* Begin PBXGroup section */
		FFF9AA661CDCD055008C1B69 = {
			isa = PBXGroup;
			children = (
				FFF9AA711CDCD055008C1B69 /* tabbed */,
				FFF9AA8E1CDCD057008C1B69 /* tabbedTests */,
				FFF9AA701CDCD055008C1B69 /* Products */,
			);
			sourceTree = "<group>";
		};
		FFF9AA701CDCD055008C1B69 /* Products */ = {
			isa = PBXGroup;
			children = (
				FFF9AA6F1CDCD055008C1B69 /* tabbed.app */,
				FFF9AA8B1CDCD057008C1B69 /* tabbedTests.xctest */,
			);
			name = Products;
			sourceTree = "<group>";
		};
		FFF9AA711CDCD055008C1B69 /* tabbed */ = {
			isa = PBXGroup;
			children = (
				FFF9AA751CDCD055008C1B69 /* AppDelegate.h */,
				FFF9AA761CDCD055008C1B69 /* AppDelegate.m */,
				FFF9AA781CDCD056008C1B69 /* FirstViewController.h */,
				FFF9AA791CDCD056008C1B69 /* FirstViewController.m */,
				FFF9AA7B1CDCD056008C1B69 /* SecondViewController.h */,
				FFF9AA7C1CDCD056008C1B69 /* SecondViewController.m */,
				FFF9AA9A1CDCD0A6008C1B69 /* HomeViewController.h */,
				FFF9AA9B1CDCD0A6008C1B69 /* HomeViewController.m */,
				FFF9AA9D1CDCD0C0008C1B69 /* TabBarBottomController.h */,
				FFF9AA9E1CDCD0C0008C1B69 /* TabBarBottomController.m */,
				FFF9AA7E1CDCD056008C1B69 /* Main.storyboard */,
				FFF9AA811CDCD056008C1B69 /* Assets.xcassets */,
				FFF9AA831CDCD056008C1B69 /* LaunchScreen.storyboard */,
				FFF9AA861CDCD057008C1B69 /* Info.plist */,
				FFF9AA721CDCD055008C1B69 /* Supporting Files */,
			);
			path = tabbed;
			sourceTree = "<group>";
		};
		FFF9AA721CDCD055008C1B69 /* Supporting Files */ = {
			isa = PBXGroup;
			children = (
				FFF9AA731CDCD055008C1B69 /* main.m */,
			);
			name = "Supporting Files";
			sourceTree = "<group>";
		};
		FFF9AA8E1CDCD057008C1B69 /* tabbedTests */ = {
			isa = PBXGroup;
			children = (
				FFF9AA8F1CDCD057008C1B69 /* tabbedTests.m */,
				FFF9AA911CDCD057008C1B69 /* Info.plist */,
			);
			path = tabbedTests;
			sourceTree = "<group>";
		};
/* End PBXGroup section */

/* Begin PBXNativeTarget section */
		FFF9AA6E1CDCD055008C1B69 /* tabbed */ = {
			isa = PBXNativeTarget;
			buildConfigurationList = FFF9AA941CDCD057008C1B69 /* Build configuration list for PBXNativeTarget "tabbed" */;
			buildPhases = (
				FFF9AA6B1CDCD055008C1B69 /* Sources */,
				FFF9AA6C1CDCD055008C1B69 /* Frameworks */,
				FFF9AA6D1CDCD055008C1B69 /* Resources */,
			);
			buildRules = (
			);
			dependencies = (
			);
			name = tabbed;
			productName = tabbed;
			productReference = FFF9AA6F1CDCD055008C1B69 /* tabbed.app */;
			productType = "com.apple.product-type.application";
		};
		FFF9AA8A1CDCD057008C1B69 /* tabbedTests */ = {
			isa = PBXNativeTarget;
			buildConfigurationList = FFF9AA971CDCD057008C1B69 /* Build configuration list for PBXNativeTarget "tabbedTests" */;
			buildPhases = (
				FFF9AA871CDCD057008C1B69 /* Sources */,
				FFF9AA881CDCD057008C1B69 /* Frameworks */,
				FFF9AA891CDCD057008C1B69 /* Resources */,
			);
			buildRules = (
			);
			dependencies = (
				FFF9AA8D1CDCD057008C1B69 /* PBXTargetDependency */,
			);
			name = tabbedTests;
			productName = tabbedTests;
			productReference = FFF9AA8B1CDCD057008C1B69 /* tabbedTests.xctest */;
			productType = "com.apple.product-type.bundle.unit-test";
		};
/* End PBXNativeTarget section */

/* Begin PBXProject section */
		FFF9AA671CDCD055008C1B69 /* Project object */ = {
			isa = PBXProject;
			attributes = {
				LastUpgradeCheck = 0730;
				ORGANIZATIONNAME = "SWDEVMAC-1";
				TargetAttributes = {
					FFF9AA6E1CDCD055008C1B69 = {
						CreatedOnToolsVersion = 7.3;
					};
					FFF9AA8A1CDCD057008C1B69 = {
						CreatedOnToolsVersion = 7.3;
						TestTargetID = FFF9AA6E1CDCD055008C1B69;
					};
				};
			};
			buildConfigurationList = FFF9AA6A1CDCD055008C1B69 /* Build configuration list for PBXProject "tabbed" */;
			compatibilityVersion = "Xcode 3.2";
			developmentRegion = English;
			hasScannedForEncodings = 0;
			knownRegions = (
				en,
				Base,
			);
			mainGroup = FFF9AA661CDCD055008C1B69;
			productRefGroup = FFF9AA701CDCD055008C1B69 /* Products */;
			projectDirPath = "";
			projectRoot = "";
			targets = (
				FFF9AA6E1CDCD055008C1B69 /* tabbed */,
				FFF9AA8A1CDCD057008C1B69 /* tabbedTests */,
			);
		};
/* End PBXProject section */

/* Begin PBXResourcesBuildPhase section */
		FFF9AA6D1CDCD055008C1B69 /* Resources */ = {
			isa = PBXResourcesBuildPhase;
			buildActionMask = 2147483647;
			files = (
				FFF9AA851CDCD056008C1B69 /* LaunchScreen.storyboard in Resources */,
				FFF9AA821CDCD056008C1B69 /* Assets.xcassets in Resources */,
				FFF9AA801CDCD056008C1B69 /* Main.storyboard in Resources */,
			);
			runOnlyForDeploymentPostprocessing = 0;
		};
		FFF9AA891CDCD057008C1B69 /* Resources */ = {
			isa = PBXResourcesBuildPhase;
			buildActionMask = 2147483647;
			files = (
			);
			runOnlyForDeploymentPostprocessing = 0;
		};
/* End PBXResourcesBuildPhase section */

/* Begin PBXSourcesBuildPhase section */
		FFF9AA6B1CDCD055008C1B69 /* Sources */ = {
			isa = PBXSourcesBuildPhase;
			buildActionMask = 2147483647;
			files = (
				FFF9AA7D1CDCD056008C1B69 /* SecondViewController.m in Sources */,
				FFF9AA771CDCD055008C1B69 /* AppDelegate.m in Sources */,
				FFF9AA7A1CDCD056008C1B69 /* FirstViewController.m in Sources */,
				FFF9AA9C1CDCD0A6008C1B69 /* HomeViewController.m in Sources */,
				FFF9AA9F1CDCD0C0008C1B69 /* TabBarBottomController.m in Sources */,
				FFF9AA741CDCD055008C1B69 /* main.m in Sources */,
			);
			runOnlyForDeploymentPostprocessing = 0;
		};
		FFF9AA871CDCD057008C1B69 /* Sources */ = {
			isa = PBXSourcesBuildPhase;
			buildActionMask = 2147483647;
			files = (
				FFF9AA901CDCD057008C1B69 /* tabbedTests.m in Sources */,
			);
			runOnlyForDeploymentPostprocessing = 0;
		};
/* End PBXSourcesBuildPhase section */

/* Begin PBXTargetDependency section */
		FFF9AA8D1CDCD057008C1B69 /* PBXTargetDependency */ = {
			isa = PBXTargetDependency;
			target = FFF9AA6E1CDCD055008C1B69 /* tabbed */;
			targetProxy = FFF9AA8C1CDCD057008C1B69 /* PBXContainerItemProxy */;
		};
/* End PBXTargetDependency section */

/* Begin PBXVariantGroup section */
		FFF9AA7E1CDCD056008C1B69 /* Main.storyboard */ = {
			isa = PBXVariantGroup;
			children = (
				FFF9AA7F1CDCD056008C1B69 /* Base */,
			);
			name = Main.storyboard;
			sourceTree = "<group>";
		};
		FFF9AA831CDCD056008C1B69 /* LaunchScreen.storyboard */ = {
			isa = PBXVariantGroup;
			children = (
				FFF9AA841CDCD056008C1B69 /* Base */,
			);
			name = LaunchScreen.storyboard;
			sourceTree = "<group>";
		};
/* End PBXVariantGroup section */

/* Begin XCBuildConfiguration section */
		FFF9AA921CDCD057008C1B69 /* Debug */ = {
			isa = XCBuildConfiguration;
			buildSettings = {
				ALWAYS_SEARCH_USER_PATHS = NO;
				CLANG_ANALYZER_NONNULL = YES;
				CLANG_CXX_LANGUAGE_STANDARD = "gnu++0x";
				CLANG_CXX_LIBRARY = "libc++";
				CLANG_ENABLE_MODULES = YES;
				CLANG_ENABLE_OBJC_ARC = YES;
				CLANG_WARN_BOOL_CONVERSION = YES;
				CLANG_WARN_CONSTANT_CONVERSION = YES;
				CLANG_WARN_DIRECT_OBJC_ISA_USAGE = YES_ERROR;
				CLANG_WARN_EMPTY_BODY = YES;
				CLANG_WARN_ENUM_CONVERSION = YES;
				CLANG_WARN_INT_CONVERSION = YES;
				CLANG_WARN_OBJC_ROOT_CLASS = YES_ERROR;
				CLANG_WARN_UNREACHABLE_CODE = YES;
				CLANG_WARN__DUPLICATE_METHOD_MATCH = YES;
				"CODE_SIGN_IDENTITY[sdk=iphoneos*]" = "iPhone Developer";
				COPY_PHASE_STRIP = NO;
				DEBUG_INFORMATION_FORMAT = dwarf;
				ENABLE_STRICT_OBJC_MSGSEND = YES;
				ENABLE_TESTABILITY = YES;
				GCC_C_LANGUAGE_STANDARD = gnu99;
				GCC_DYNAMIC_NO_PIC = NO;
				GCC_NO_COMMON_BLOCKS = YES;
				GCC_OPTIMIZATION_LEVEL = 0;
				GCC_PREPROCESSOR_DEFINITIONS = (
					"DEBUG=1",
					"$(inherited)",
				);
				GCC_WARN_64_TO_32_BIT_CONVERSION = YES;
				GCC_WARN_ABOUT_RETURN_TYPE = YES_ERROR;
				GCC_WARN_UNDECLARED_SELECTOR = YES;
				GCC_WARN_UNINITIALIZED_AUTOS = YES_AGGRESSIVE;
				GCC_WARN_UNUSED_FUNCTION = YES;
				GCC_WARN_UNUSED_VARIABLE = YES;
				IPHONEOS_DEPLOYMENT_TARGET = 9.3;
				MTL_ENABLE_DEBUG_INFO = YES;
				ONLY_ACTIVE_ARCH = YES;
				SDKROOT = iphoneos;
			};
			name = Debug;
		};
		FFF9AA931CDCD057008C1B69 /* Release */ = {
			isa = XCBuildConfiguration;
			buildSettings = {
				ALWAYS_SEARCH_USER_PATHS = NO;
				CLANG_ANALYZER_NONNULL = YES;
				CLANG_CXX_LANGUAGE_STANDARD = "gnu++0x";
				CLANG_CXX_LIBRARY = "libc++";
				CLANG_ENABLE_MODULES = YES;
				CLANG_ENABLE_OBJC_ARC = YES;
				CLANG_WARN_BOOL_CONVERSION = YES;
				CLANG_WARN_CONSTANT_CONVERSION = YES;
				CLANG_WARN_DIRECT_OBJC_ISA_USAGE = YES_ERROR;
				CLANG_WARN_EMPTY_BODY = YES;
				CLANG_WARN_ENUM_CONVERSION = YES;
				CLANG_WARN_INT_CONVERSION = YES;
				CLANG_WARN_OBJC_ROOT_CLASS = YES_ERROR;
				CLANG_WARN_UNREACHABLE_CODE = YES;
				CLANG_WARN__DUPLICATE_METHOD_MATCH = YES;
				"CODE_SIGN_IDENTITY[sdk=iphoneos*]" = "iPhone Developer";
				COPY_PHASE_STRIP = NO;
				DEBUG_INFORMATION_FORMAT = "dwarf-with-dsym";
				ENABLE_NS_ASSERTIONS = NO;
				ENABLE_STRICT_OBJC_MSGSEND = YES;
				GCC_C_LANGUAGE_STANDARD = gnu99;
				GCC_NO_COMMON_BLOCKS = YES;
				GCC_WARN_64_TO_32_BIT_CONVERSION = YES;
				GCC_WARN_ABOUT_RETURN_TYPE = YES_ERROR;
				GCC_WARN_UNDECLARED_SELECTOR = YES;
				GCC_WARN_UNINITIALIZED_AUTOS = YES_AGGRESSIVE;
				GCC_WARN_UNUSED_FUNCTION = YES;
				GCC_WARN_UNUSED_VARIABLE = YES;
				IPHONEOS_DEPLOYMENT_TARGET = 9.3;
				MTL_ENABLE_DEBUG_INFO = NO;
				SDKROOT = iphoneos;
				VALIDATE_PRODUCT = YES;
			};
			name = Release;
		};
		FFF9AA951CDCD057008C1B69 /* Debug */ = {
			isa = XCBuildConfiguration;
			buildSettings = {
				ASSETCATALOG_COMPILER_APPICON_NAME = AppIcon;
				INFOPLIST_FILE = tabbed/Info.plist;
				LD_RUNPATH_SEARCH_PATHS = "$(inherited) @executable_path/Frameworks";
				PRODUCT_BUNDLE_IDENTIFIER = com.swayam.tabbed;
				PRODUCT_NAME = "$(TARGET_NAME)";
			};
			name = Debug;
		};
		FFF9AA961CDCD057008C1B69 /* Release */ = {
			isa = XCBuildConfiguration;
			buildSettings = {
				ASSETCATALOG_COMPILER_APPICON_NAME = AppIcon;
				INFOPLIST_FILE = tabbed/Info.plist;
				LD_RUNPATH_SEARCH_PATHS = "$(inherited) @executable_path/Frameworks";
				PRODUCT_BUNDLE_IDENTIFIER = com.swayam.tabbed;
				PRODUCT_NAME = "$(TARGET_NAME)";
			};
			name = Release;
		};
		FFF9AA981CDCD057008C1B69 /* Debug */ = {
			isa = XCBuildConfiguration;
			buildSettings = {
				BUNDLE_LOADER = "$(TEST_HOST)";
				INFOPLIST_FILE = tabbedTests/Info.plist;
				LD_RUNPATH_SEARCH_PATHS = "$(inherited) @executable_path/Frameworks @loader_path/Frameworks";
				PRODUCT_BUNDLE_IDENTIFIER = com.swayam.tabbedTests;
				PRODUCT_NAME = "$(TARGET_NAME)";
				TEST_HOST = "$(BUILT_PRODUCTS_DIR)/tabbed.app/tabbed";
			};
			name = Debug;
		};
		FFF9AA991CDCD057008C1B69 /* Release */ = {
			isa = XCBuildConfiguration;
			buildSettings = {
				BUNDLE_LOADER = "$(TEST_HOST)";
				INFOPLIST_FILE = tabbedTests/Info.plist;
				LD_RUNPATH_SEARCH_PATHS = "$(inherited) @executable_path/Frameworks @loader_path/Frameworks";
				PRODUCT_BUNDLE_IDENTIFIER = com.swayam.tabbedTests;
				PRODUCT_NAME = "$(TARGET_NAME)";
				TEST_HOST = "$(BUILT_PRODUCTS_DIR)/tabbed.app/tabbed";
			};
			name = Release;
		};
/* End XCBuildConfiguration section */

/* Begin XCConfigurationList section */
		FFF9AA6A1CDCD055008C1B69 /* Build configuration list for PBXProject "tabbed" */ = {
			isa = XCConfigurationList;
			buildConfigurations = (
				FFF9AA921CDCD057008C1B69 /* Debug */,
				FFF9AA931CDCD057008C1B69 /* Release */,
			);
			defaultConfigurationIsVisible = 0;
			defaultConfigurationName = Release;
		};
		FFF9AA941CDCD057008C1B69 /* Build configuration list for PBXNativeTarget "tabbed" */ = {
			isa = XCConfigurationList;
			buildConfigurations = (
				FFF9AA951CDCD057008C1B69 /* Debug */,
				FFF9AA961CDCD057008C1B69 /* Release */,
			);
			defaultConfigurationIsVisible = 0;
		};
		FFF9AA971CDCD057008C1B69 /* Build configuration list for PBXNativeTarget "tabbedTests" */ = {
			isa = XCConfigurationList;
			buildConfigurations = (
				FFF9AA981CDCD057008C1B69 /* Debug */,
				FFF9AA991CDCD057008C1B69 /* Release */,
			);
			defaultConfigurationIsVisible = 0;
		};
/* End XCConfigurationList section */
	};
	rootObject = FFF9AA671CDCD055008C1B69 /* Project object */;
}
